# This file is automatically @generated by Cargo.
# It is not intended for manual editing.
version = 4

[[package]]
name = "ncl-cl"
version = "0.0.0"
dependencies = [
 "ncl-runtime",
]

[[package]]
name = "ncl-compiler"
version = "0.0.0"
dependencies = [
 "ncl-ir",
 "ncl-reader",
]

[[package]]
name = "ncl-corman-demos"
version = "0.0.0"
dependencies = [
 "ncl-reader",
]

[[package]]
name = "ncl-driver"
version = "0.0.0"
dependencies = [
 "ncl-cl",
 "ncl-compiler",
 "ncl-ir",
 "ncl-llvm",
 "ncl-loader",
 "ncl-reader",
 "ncl-runtime",
]

[[package]]
name = "ncl-ir"
version = "0.0.0"

[[package]]
name = "ncl-llvm"
version = "0.0.0"
dependencies = [
 "ncl-ir",
]

[[package]]
name = "ncl-loader"
version = "0.0.0"
dependencies = [
 "ncl-compiler",
 "ncl-llvm",
 "ncl-reader",
 "ncl-runtime",
]

[[package]]
name = "ncl-reader"
version = "0.0.0"
dependencies = [
 "ncl-runtime",
]

[[package]]
name = "ncl-runtime"
version = "0.0.0"

[[package]]
name = "ncl-tests"
version = "0.0.0"
dependencies = [
 "ncl-compiler",
 "ncl-loader",
 "ncl-reader",
 "ncl-runtime",
]
